{
  "requires": true,
  "lockfileVersion": 1,
  "dependencies": {
    "@angular/platform-server": {
      "version": "5.2.6",
      "resolved": "https://registry.npmjs.org/@angular/platform-server/-/platform-server-5.2.6.tgz",
      "integrity": "sha512-6UMPu4GoLWw4rCkK/YDb4pPqPApW1BTwkt6IoNzlsKDYAJ1h6EYykbguv+aX4YPO1QJB3uvxdCJdLfDFSAWVJA==",
      "requires": {
        "domino": "1.0.30",
        "tslib": "1.9.0",
        "xhr2": "0.1.4"
      }
    },
    "domino": {
      "version": "1.0.30",
      "resolved": "https://registry.npmjs.org/domino/-/domino-1.0.30.tgz",
      "integrity": "sha512-ikq8WiDSkICdkElud317F2Sigc6A3EDpWsxWBwIZqOl95km4p/Vc9Rj98id7qKgsjDmExj0AVM7JOd4bb647Xg=="
    },
    "tslib": {
      "version": "1.9.0",
      "resolved": "https://registry.npmjs.org/tslib/-/tslib-1.9.0.tgz",
      "integrity": "sha512-f/qGG2tUkrISBlQZEjEqoZ3B2+npJjIf04H1wuAv9iA8i04Icp+61KRXxFdha22670NJopsZCIjhC3SnjPRKrQ=="
    },
    "xhr2": {
      "version": "0.1.4",
      "resolved": "https://registry.npmjs.org/xhr2/-/xhr2-0.1.4.tgz",
      "integrity": "sha1-f4dliEdxbbUCYyOBL4GMras4el8="
    }
  }
}
